
Microsoft Visual Studio Solution File, Format Version 12.00
# Visual Studio 2013
VisualStudioVersion = 12.0.21005.1
MinimumVisualStudioVersion = 10.0.40219.1
Project("{FAE04EC0-301F-11D3-BF4B-00C04F79EFBC}") = "Eventeam", "Eventeam\Eventeam.csproj", "{1EA81050-F96B-4A2C-BF71-5771807A12E3}"
EndProject
Project("{FAE04EC0-301F-11D3-BF4B-00C04F79EFBC}") = "Eventeam.Tests", "Eventeam.Tests\Eventeam.Tests.csproj", "{E524A1D2-2E02-4266-97E8-5EAB2F07DC67}"
EndProject
Global
	GlobalSection(SolutionConfigurationPlatforms) = preSolution
		Debug|Any CPU = Debug|Any CPU
		Release|Any CPU = Release|Any CPU
	EndGlobalSection
	GlobalSection(ProjectConfigurationPlatforms) = postSolution
		{1EA81050-F96B-4A2C-BF71-5771807A12E3}.Debug|Any CPU.ActiveCfg = Debug|Any CPU
		{1EA81050-F96B-4A2C-BF71-5771807A12E3}.Debug|Any CPU.Build.0 = Debug|Any CPU
		{1EA81050-F96B-4A2C-BF71-5771807A12E3}.Release|Any CPU.ActiveCfg = Release|Any CPU
		{1EA81050-F96B-4A2C-BF71-5771807A12E3}.Release|Any CPU.Build.0 = Release|Any CPU
		{E524A1D2-2E02-4266-97E8-5EAB2F07DC67}.Debug|Any CPU.ActiveCfg = Debug|Any CPU
		{E524A1D2-2E02-4266-97E8-5EAB2F07DC67}.Debug|Any CPU.Build.0 = Debug|Any CPU
		{E524A1D2-2E02-4266-97E8-5EAB2F07DC67}.Release|Any CPU.ActiveCfg = Release|Any CPU
		{E524A1D2-2E02-4266-97E8-5EAB2F07DC67}.Release|Any CPU.Build.0 = Release|Any CPU
	EndGlobalSection
	GlobalSection(SolutionProperties) = preSolution
		HideSolutionNode = FALSE
	EndGlobalSection
EndGlobal
